
Microsoft Visual Studio Solution File, Format Version 12.00
# Visual Studio Version 17
VisualStudioVersion = 17.9.34723.18
MinimumVisualStudioVersion = 10.0.40219.1
Project("{FAE04EC0-301F-11D3-BF4B-00C04F79EFBC}") = "MVCTisdag", "MVCTisdag\MVCTisdag.csproj", "{C1F038D9-47E4-44B7-AD94-915D33D7A87C}"
EndProject
Global
	GlobalSection(SolutionConfigurationPlatforms) = preSolution
		Debug|Any CPU = Debug|Any CPU
		Release|Any CPU = Release|Any CPU
	EndGlobalSection
	GlobalSection(ProjectConfigurationPlatforms) = postSolution
		{C1F038D9-47E4-44B7-AD94-915D33D7A87C}.Debug|Any CPU.ActiveCfg = Debug|Any CPU
		{C1F038D9-47E4-44B7-AD94-915D33D7A87C}.Debug|Any CPU.Build.0 = Debug|Any CPU
		{C1F038D9-47E4-44B7-AD94-915D33D7A87C}.Release|Any CPU.ActiveCfg = Release|Any CPU
		{C1F038D9-47E4-44B7-AD94-915D33D7A87C}.Release|Any CPU.Build.0 = Release|Any CPU
	EndGlobalSection
	GlobalSection(SolutionProperties) = preSolution
		HideSolutionNode = FALSE
	EndGlobalSection
	GlobalSection(ExtensibilityGlobals) = postSolution
		SolutionGuid = {066AACB8-B144-4EE2-B060-2B13B51E073D}
	EndGlobalSection
EndGlobal
